
Microsoft Visual Studio Solution File, Format Version 12.00
# Visual Studio Version 17
VisualStudioVersion = 17.6.33815.320
MinimumVisualStudioVersion = 10.0.40219.1
Project("{FAE04EC0-301F-11D3-BF4B-00C04F79EFBC}") = "Contacts_Generator", "Contacts_Generator.csproj", "{1FF137C4-B30C-49ED-9626-741215852A66}"
EndProject
Global
	GlobalSection(SolutionConfigurationPlatforms) = preSolution
		Debug|Any CPU = Debug|Any CPU
		Release|Any CPU = Release|Any CPU
	EndGlobalSection
	GlobalSection(ProjectConfigurationPlatforms) = postSolution
		{1FF137C4-B30C-49ED-9626-741215852A66}.Debug|Any CPU.ActiveCfg = Debug|Any CPU
		{1FF137C4-B30C-49ED-9626-741215852A66}.Debug|Any CPU.Build.0 = Debug|Any CPU
		{1FF137C4-B30C-49ED-9626-741215852A66}.Release|Any CPU.ActiveCfg = Release|Any CPU
		{1FF137C4-B30C-49ED-9626-741215852A66}.Release|Any CPU.Build.0 = Release|Any CPU
	EndGlobalSection
	GlobalSection(SolutionProperties) = preSolution
		HideSolutionNode = FALSE
	EndGlobalSection
	GlobalSection(ExtensibilityGlobals) = postSolution
		SolutionGuid = {99D3F3CF-895F-4F19-9CAB-3DEF7032D4D6}
	EndGlobalSection
EndGlobal
